
Microsoft Visual Studio Solution File, Format Version 12.00
# Visual Studio 15
VisualStudioVersion = 15.0.26124.0
MinimumVisualStudioVersion = 15.0.26124.0
Project("{FAE04EC0-301F-11D3-BF4B-00C04F79EFBC}") = "Zsharp.Testing", "Zsharp.Testing\Zsharp.Testing.csproj", "{16308AC5-6429-4239-B31B-48853A16EB02}"
EndProject
Project("{FAE04EC0-301F-11D3-BF4B-00C04F79EFBC}") = "Zsharp.Testing.Tests", "Zsharp.Testing.Tests\Zsharp.Testing.Tests.csproj", "{E263CC41-A4F9-4D7B-975A-D8A70FEBABB4}"
EndProject
Project("{FAE04EC0-301F-11D3-BF4B-00C04F79EFBC}") = "Zsharp.ServiceModel", "Zsharp.ServiceModel\Zsharp.ServiceModel.csproj", "{2BA299E8-3A00-452B-B845-DD1D815E7CC1}"
EndProject
Project("{FAE04EC0-301F-11D3-BF4B-00C04F79EFBC}") = "Zsharp.ServiceModel.Tests", "Zsharp.ServiceModel.Tests\Zsharp.ServiceModel.Tests.csproj", "{00BD2CB9-E497-400C-824B-5A12A567F8C7}"
EndProject
Project("{FAE04EC0-301F-11D3-BF4B-00C04F79EFBC}") = "Zsharp.Elysium", "Zsharp.Elysium\Zsharp.Elysium.csproj", "{CDA33CD3-5AD6-486B-8AA3-7C7D16BFC2EF}"
EndProject
Project("{FAE04EC0-301F-11D3-BF4B-00C04F79EFBC}") = "Zsharp.Elysium.Tests", "Zsharp.Elysium.Tests\Zsharp.Elysium.Tests.csproj", "{D7D2AC89-0AC4-4A62-934B-FA6D9BFF9FCC}"
EndProject
Global
	GlobalSection(SolutionProperties) = preSolution
		HideSolutionNode = FALSE
	EndGlobalSection
	GlobalSection(SolutionConfigurationPlatforms) = preSolution
		Debug|Any CPU = Debug|Any CPU
		Debug|x64 = Debug|x64
		Debug|x86 = Debug|x86
		Release|Any CPU = Release|Any CPU
		Release|x64 = Release|x64
		Release|x86 = Release|x86
	EndGlobalSection
	GlobalSection(ProjectConfigurationPlatforms) = postSolution
		{16308AC5-6429-4239-B31B-48853A16EB02}.Debug|Any CPU.ActiveCfg = Debug|Any CPU
		{16308AC5-6429-4239-B31B-48853A16EB02}.Debug|Any CPU.Build.0 = Debug|Any CPU
		{16308AC5-6429-4239-B31B-48853A16EB02}.Debug|x64.ActiveCfg = Debug|Any CPU
		{16308AC5-6429-4239-B31B-48853A16EB02}.Debug|x64.Build.0 = Debug|Any CPU
		{16308AC5-6429-4239-B31B-48853A16EB02}.Debug|x86.ActiveCfg = Debug|Any CPU
		{16308AC5-6429-4239-B31B-48853A16EB02}.Debug|x86.Build.0 = Debug|Any CPU
		{16308AC5-6429-4239-B31B-48853A16EB02}.Release|Any CPU.ActiveCfg = Release|Any CPU
		{16308AC5-6429-4239-B31B-48853A16EB02}.Release|Any CPU.Build.0 = Release|Any CPU
		{16308AC5-6429-4239-B31B-48853A16EB02}.Release|x64.ActiveCfg = Release|Any CPU
		{16308AC5-6429-4239-B31B-48853A16EB02}.Release|x64.Build.0 = Release|Any CPU
		{16308AC5-6429-4239-B31B-48853A16EB02}.Release|x86.ActiveCfg = Release|Any CPU
		{16308AC5-6429-4239-B31B-48853A16EB02}.Release|x86.Build.0 = Release|Any CPU
		{E263CC41-A4F9-4D7B-975A-D8A70FEBABB4}.Debug|Any CPU.ActiveCfg = Debug|Any CPU
		{E263CC41-A4F9-4D7B-975A-D8A70FEBABB4}.Debug|Any CPU.Build.0 = Debug|Any CPU
		{E263CC41-A4F9-4D7B-975A-D8A70FEBABB4}.Debug|x64.ActiveCfg = Debug|Any CPU
		{E263CC41-A4F9-4D7B-975A-D8A70FEBABB4}.Debug|x64.Build.0 = Debug|Any CPU
		{E263CC41-A4F9-4D7B-975A-D8A70FEBABB4}.Debug|x86.ActiveCfg = Debug|Any CPU
		{E263CC41-A4F9-4D7B-975A-D8A70FEBABB4}.Debug|x86.Build.0 = Debug|Any CPU
		{E263CC41-A4F9-4D7B-975A-D8A70FEBABB4}.Release|Any CPU.ActiveCfg = Release|Any CPU
		{E263CC41-A4F9-4D7B-975A-D8A70FEBABB4}.Release|Any CPU.Build.0 = Release|Any CPU
		{E263CC41-A4F9-4D7B-975A-D8A70FEBABB4}.Release|x64.ActiveCfg = Release|Any CPU
		{E263CC41-A4F9-4D7B-975A-D8A70FEBABB4}.Release|x64.Build.0 = Release|Any CPU
		{E263CC41-A4F9-4D7B-975A-D8A70FEBABB4}.Release|x86.ActiveCfg = Release|Any CPU
		{E263CC41-A4F9-4D7B-975A-D8A70FEBABB4}.Release|x86.Build.0 = Release|Any CPU
		{2BA299E8-3A00-452B-B845-DD1D815E7CC1}.Debug|Any CPU.ActiveCfg = Debug|Any CPU
		{2BA299E8-3A00-452B-B845-DD1D815E7CC1}.Debug|Any CPU.Build.0 = Debug|Any CPU
		{2BA299E8-3A00-452B-B845-DD1D815E7CC1}.Debug|x64.ActiveCfg = Debug|Any CPU
		{2BA299E8-3A00-452B-B845-DD1D815E7CC1}.Debug|x64.Build.0 = Debug|Any CPU
		{2BA299E8-3A00-452B-B845-DD1D815E7CC1}.Debug|x86.ActiveCfg = Debug|Any CPU
		{2BA299E8-3A00-452B-B845-DD1D815E7CC1}.Debug|x86.Build.0 = Debug|Any CPU
		{2BA299E8-3A00-452B-B845-DD1D815E7CC1}.Release|Any CPU.ActiveCfg = Release|Any CPU
		{2BA299E8-3A00-452B-B845-DD1D815E7CC1}.Release|Any CPU.Build.0 = Release|Any CPU
		{2BA299E8-3A00-452B-B845-DD1D815E7CC1}.Release|x64.ActiveCfg = Release|Any CPU
		{2BA299E8-3A00-452B-B845-DD1D815E7CC1}.Release|x64.Build.0 = Release|Any CPU
		{2BA299E8-3A00-452B-B845-DD1D815E7CC1}.Release|x86.ActiveCfg = Release|Any CPU
		{2BA299E8-3A00-452B-B845-DD1D815E7CC1}.Release|x86.Build.0 = Release|Any CPU
		{00BD2CB9-E497-400C-824B-5A12A567F8C7}.Debug|Any CPU.ActiveCfg = Debug|Any CPU
		{00BD2CB9-E497-400C-824B-5A12A567F8C7}.Debug|Any CPU.Build.0 = Debug|Any CPU
		{00BD2CB9-E497-400C-824B-5A12A567F8C7}.Debug|x64.ActiveCfg = Debug|Any CPU
		{00BD2CB9-E497-400C-824B-5A12A567F8C7}.Debug|x64.Build.0 = Debug|Any CPU
		{00BD2CB9-E497-400C-824B-5A12A567F8C7}.Debug|x86.ActiveCfg = Debug|Any CPU
		{00BD2CB9-E497-400C-824B-5A12A567F8C7}.Debug|x86.Build.0 = Debug|Any CPU
		{00BD2CB9-E497-400C-824B-5A12A567F8C7}.Release|Any CPU.ActiveCfg = Release|Any CPU
		{00BD2CB9-E497-400C-824B-5A12A567F8C7}.Release|Any CPU.Build.0 = Release|Any CPU
		{00BD2CB9-E497-400C-824B-5A12A567F8C7}.Release|x64.ActiveCfg = Release|Any CPU
		{00BD2CB9-E497-400C-824B-5A12A567F8C7}.Release|x64.Build.0 = Release|Any CPU
		{00BD2CB9-E497-400C-824B-5A12A567F8C7}.Release|x86.ActiveCfg = Release|Any CPU
		{00BD2CB9-E497-400C-824B-5A12A567F8C7}.Release|x86.Build.0 = Release|Any CPU
		{CDA33CD3-5AD6-486B-8AA3-7C7D16BFC2EF}.Debug|Any CPU.ActiveCfg = Debug|Any CPU
		{CDA33CD3-5AD6-486B-8AA3-7C7D16BFC2EF}.Debug|Any CPU.Build.0 = Debug|Any CPU
		{CDA33CD3-5AD6-486B-8AA3-7C7D16BFC2EF}.Debug|x64.ActiveCfg = Debug|Any CPU
		{CDA33CD3-5AD6-486B-8AA3-7C7D16BFC2EF}.Debug|x64.Build.0 = Debug|Any CPU
		{CDA33CD3-5AD6-486B-8AA3-7C7D16BFC2EF}.Debug|x86.ActiveCfg = Debug|Any CPU
		{CDA33CD3-5AD6-486B-8AA3-7C7D16BFC2EF}.Debug|x86.Build.0 = Debug|Any CPU
		{CDA33CD3-5AD6-486B-8AA3-7C7D16BFC2EF}.Release|Any CPU.ActiveCfg = Release|Any CPU
		{CDA33CD3-5AD6-486B-8AA3-7C7D16BFC2EF}.Release|Any CPU.Build.0 = Release|Any CPU
		{CDA33CD3-5AD6-486B-8AA3-7C7D16BFC2EF}.Release|x64.ActiveCfg = Release|Any CPU
		{CDA33CD3-5AD6-486B-8AA3-7C7D16BFC2EF}.Release|x64.Build.0 = Release|Any CPU
		{CDA33CD3-5AD6-486B-8AA3-7C7D16BFC2EF}.Release|x86.ActiveCfg = Release|Any CPU
		{CDA33CD3-5AD6-486B-8AA3-7C7D16BFC2EF}.Release|x86.Build.0 = Release|Any CPU
		{D7D2AC89-0AC4-4A62-934B-FA6D9BFF9FCC}.Debug|Any CPU.ActiveCfg = Debug|Any CPU
		{D7D2AC89-0AC4-4A62-934B-FA6D9BFF9FCC}.Debug|Any CPU.Build.0 = Debug|Any CPU
		{D7D2AC89-0AC4-4A62-934B-FA6D9BFF9FCC}.Debug|x64.ActiveCfg = Debug|Any CPU
		{D7D2AC89-0AC4-4A62-934B-FA6D9BFF9FCC}.Debug|x64.Build.0 = Debug|Any CPU
		{D7D2AC89-0AC4-4A62-934B-FA6D9BFF9FCC}.Debug|x86.ActiveCfg = Debug|Any CPU
		{D7D2AC89-0AC4-4A62-934B-FA6D9BFF9FCC}.Debug|x86.Build.0 = Debug|Any CPU
		{D7D2AC89-0AC4-4A62-934B-FA6D9BFF9FCC}.Release|Any CPU.ActiveCfg = Release|Any CPU
		{D7D2AC89-0AC4-4A62-934B-FA6D9BFF9FCC}.Release|Any CPU.Build.0 = Release|Any CPU
		{D7D2AC89-0AC4-4A62-934B-FA6D9BFF9FCC}.Release|x64.ActiveCfg = Release|Any CPU
		{D7D2AC89-0AC4-4A62-934B-FA6D9BFF9FCC}.Release|x64.Build.0 = Release|Any CPU
		{D7D2AC89-0AC4-4A62-934B-FA6D9BFF9FCC}.Release|x86.ActiveCfg = Release|Any CPU
		{D7D2AC89-0AC4-4A62-934B-FA6D9BFF9FCC}.Release|x86.Build.0 = Release|Any CPU
	EndGlobalSection
EndGlobal
