
Microsoft Visual Studio Solution File, Format Version 12.00
# Visual Studio 15
VisualStudioVersion = 15.0.26124.0
MinimumVisualStudioVersion = 15.0.26124.0
Project("{FAE04EC0-301F-11D3-BF4B-00C04F79EFBC}") = "Zsharp.Testing", "Zsharp.Testing\Zsharp.Testing.csproj", "{16308AC5-6429-4239-B31B-48853A16EB02}"
EndProject
Project("{FAE04EC0-301F-11D3-BF4B-00C04F79EFBC}") = "Zsharp.Testing.Tests", "Zsharp.Testing.Tests\Zsharp.Testing.Tests.csproj", "{E263CC41-A4F9-4D7B-975A-D8A70FEBABB4}"
EndProject
Project("{FAE04EC0-301F-11D3-BF4B-00C04F79EFBC}") = "Zsharp.ServiceModel", "Zsharp.ServiceModel\Zsharp.ServiceModel.csproj", "{2BA299E8-3A00-452B-B845-DD1D815E7CC1}"
EndProject
Project("{FAE04EC0-301F-11D3-BF4B-00C04F79EFBC}") = "Zsharp.ServiceModel.Tests", "Zsharp.ServiceModel.Tests\Zsharp.ServiceModel.Tests.csproj", "{00BD2CB9-E497-400C-824B-5A12A567F8C7}"
EndProject
Project("{FAE04EC0-301F-11D3-BF4B-00C04F79EFBC}") = "Zsharp.Elysium", "Zsharp.Elysium\Zsharp.Elysium.csproj", "{CDA33CD3-5AD6-486B-8AA3-7C7D16BFC2EF}"
EndProject
Project("{FAE04EC0-301F-11D3-BF4B-00C04F79EFBC}") = "Zsharp.Elysium.Tests", "Zsharp.Elysium.Tests\Zsharp.Elysium.Tests.csproj", "{D7D2AC89-0AC4-4A62-934B-FA6D9BFF9FCC}"
EndProject
Project("{FAE04EC0-301F-11D3-BF4B-00C04F79EFBC}") = "Zsharp.Bitcoin", "Zsharp.Bitcoin\Zsharp.Bitcoin.csproj", "{E4080932-7E03-42AC-B030-ABD368D231D1}"
EndProject
Project("{FAE04EC0-301F-11D3-BF4B-00C04F79EFBC}") = "Zsharp.Bitcoin.Tests", "Zsharp.Bitcoin.Tests\Zsharp.Bitcoin.Tests.csproj", "{536E9F34-8992-4D56-8E5E-05F7BDED9A40}"
EndProject
Project("{FAE04EC0-301F-11D3-BF4B-00C04F79EFBC}") = "Zsharp.Zcoin", "Zsharp.Zcoin\Zsharp.Zcoin.csproj", "{FAC1E431-F8BB-432D-B32E-E52B4FAF2602}"
EndProject
Project("{FAE04EC0-301F-11D3-BF4B-00C04F79EFBC}") = "Zsharp.Zcoin.Tests", "Zsharp.Zcoin.Tests\Zsharp.Zcoin.Tests.csproj", "{69F91002-ABFE-4DAD-9AB4-2A291B2A6790}"
EndProject
Project("{FAE04EC0-301F-11D3-BF4B-00C04F79EFBC}") = "Zsharp.Rpc.Client", "Zsharp.Rpc.Client\Zsharp.Rpc.Client.csproj", "{614959DC-A607-404C-A09A-1C2A54015659}"
EndProject
Project("{FAE04EC0-301F-11D3-BF4B-00C04F79EFBC}") = "Zsharp.Rpc.Client.Tests", "Zsharp.Rpc.Client.Tests\Zsharp.Rpc.Client.Tests.csproj", "{3FC6357F-7D62-4C02-8969-52ECF0A7916F}"
EndProject
Project("{FAE04EC0-301F-11D3-BF4B-00C04F79EFBC}") = "Zsharp.Threading", "Zsharp.Threading\Zsharp.Threading.csproj", "{65BC23F9-D824-4B4D-B8D4-5F44D8DDC22E}"
EndProject
Project("{FAE04EC0-301F-11D3-BF4B-00C04F79EFBC}") = "Zsharp.Threading.Tests", "Zsharp.Threading.Tests\Zsharp.Threading.Tests.csproj", "{C4E86DC4-7274-495B-8F6A-5CB7ED1EA2A7}"
EndProject
Global
	GlobalSection(SolutionProperties) = preSolution
		HideSolutionNode = FALSE
	EndGlobalSection
	GlobalSection(SolutionConfigurationPlatforms) = preSolution
		Debug|Any CPU = Debug|Any CPU
		Debug|x64 = Debug|x64
		Debug|x86 = Debug|x86
		Release|Any CPU = Release|Any CPU
		Release|x64 = Release|x64
		Release|x86 = Release|x86
	EndGlobalSection
	GlobalSection(ProjectConfigurationPlatforms) = postSolution
		{16308AC5-6429-4239-B31B-48853A16EB02}.Debug|Any CPU.ActiveCfg = Debug|Any CPU
		{16308AC5-6429-4239-B31B-48853A16EB02}.Debug|Any CPU.Build.0 = Debug|Any CPU
		{16308AC5-6429-4239-B31B-48853A16EB02}.Debug|x64.ActiveCfg = Debug|Any CPU
		{16308AC5-6429-4239-B31B-48853A16EB02}.Debug|x64.Build.0 = Debug|Any CPU
		{16308AC5-6429-4239-B31B-48853A16EB02}.Debug|x86.ActiveCfg = Debug|Any CPU
		{16308AC5-6429-4239-B31B-48853A16EB02}.Debug|x86.Build.0 = Debug|Any CPU
		{16308AC5-6429-4239-B31B-48853A16EB02}.Release|Any CPU.ActiveCfg = Release|Any CPU
		{16308AC5-6429-4239-B31B-48853A16EB02}.Release|Any CPU.Build.0 = Release|Any CPU
		{16308AC5-6429-4239-B31B-48853A16EB02}.Release|x64.ActiveCfg = Release|Any CPU
		{16308AC5-6429-4239-B31B-48853A16EB02}.Release|x64.Build.0 = Release|Any CPU
		{16308AC5-6429-4239-B31B-48853A16EB02}.Release|x86.ActiveCfg = Release|Any CPU
		{16308AC5-6429-4239-B31B-48853A16EB02}.Release|x86.Build.0 = Release|Any CPU
		{E263CC41-A4F9-4D7B-975A-D8A70FEBABB4}.Debug|Any CPU.ActiveCfg = Debug|Any CPU
		{E263CC41-A4F9-4D7B-975A-D8A70FEBABB4}.Debug|Any CPU.Build.0 = Debug|Any CPU
		{E263CC41-A4F9-4D7B-975A-D8A70FEBABB4}.Debug|x64.ActiveCfg = Debug|Any CPU
		{E263CC41-A4F9-4D7B-975A-D8A70FEBABB4}.Debug|x64.Build.0 = Debug|Any CPU
		{E263CC41-A4F9-4D7B-975A-D8A70FEBABB4}.Debug|x86.ActiveCfg = Debug|Any CPU
		{E263CC41-A4F9-4D7B-975A-D8A70FEBABB4}.Debug|x86.Build.0 = Debug|Any CPU
		{E263CC41-A4F9-4D7B-975A-D8A70FEBABB4}.Release|Any CPU.ActiveCfg = Release|Any CPU
		{E263CC41-A4F9-4D7B-975A-D8A70FEBABB4}.Release|Any CPU.Build.0 = Release|Any CPU
		{E263CC41-A4F9-4D7B-975A-D8A70FEBABB4}.Release|x64.ActiveCfg = Release|Any CPU
		{E263CC41-A4F9-4D7B-975A-D8A70FEBABB4}.Release|x64.Build.0 = Release|Any CPU
		{E263CC41-A4F9-4D7B-975A-D8A70FEBABB4}.Release|x86.ActiveCfg = Release|Any CPU
		{E263CC41-A4F9-4D7B-975A-D8A70FEBABB4}.Release|x86.Build.0 = Release|Any CPU
		{2BA299E8-3A00-452B-B845-DD1D815E7CC1}.Debug|Any CPU.ActiveCfg = Debug|Any CPU
		{2BA299E8-3A00-452B-B845-DD1D815E7CC1}.Debug|Any CPU.Build.0 = Debug|Any CPU
		{2BA299E8-3A00-452B-B845-DD1D815E7CC1}.Debug|x64.ActiveCfg = Debug|Any CPU
		{2BA299E8-3A00-452B-B845-DD1D815E7CC1}.Debug|x64.Build.0 = Debug|Any CPU
		{2BA299E8-3A00-452B-B845-DD1D815E7CC1}.Debug|x86.ActiveCfg = Debug|Any CPU
		{2BA299E8-3A00-452B-B845-DD1D815E7CC1}.Debug|x86.Build.0 = Debug|Any CPU
		{2BA299E8-3A00-452B-B845-DD1D815E7CC1}.Release|Any CPU.ActiveCfg = Release|Any CPU
		{2BA299E8-3A00-452B-B845-DD1D815E7CC1}.Release|Any CPU.Build.0 = Release|Any CPU
		{2BA299E8-3A00-452B-B845-DD1D815E7CC1}.Release|x64.ActiveCfg = Release|Any CPU
		{2BA299E8-3A00-452B-B845-DD1D815E7CC1}.Release|x64.Build.0 = Release|Any CPU
		{2BA299E8-3A00-452B-B845-DD1D815E7CC1}.Release|x86.ActiveCfg = Release|Any CPU
		{2BA299E8-3A00-452B-B845-DD1D815E7CC1}.Release|x86.Build.0 = Release|Any CPU
		{00BD2CB9-E497-400C-824B-5A12A567F8C7}.Debug|Any CPU.ActiveCfg = Debug|Any CPU
		{00BD2CB9-E497-400C-824B-5A12A567F8C7}.Debug|Any CPU.Build.0 = Debug|Any CPU
		{00BD2CB9-E497-400C-824B-5A12A567F8C7}.Debug|x64.ActiveCfg = Debug|Any CPU
		{00BD2CB9-E497-400C-824B-5A12A567F8C7}.Debug|x64.Build.0 = Debug|Any CPU
		{00BD2CB9-E497-400C-824B-5A12A567F8C7}.Debug|x86.ActiveCfg = Debug|Any CPU
		{00BD2CB9-E497-400C-824B-5A12A567F8C7}.Debug|x86.Build.0 = Debug|Any CPU
		{00BD2CB9-E497-400C-824B-5A12A567F8C7}.Release|Any CPU.ActiveCfg = Release|Any CPU
		{00BD2CB9-E497-400C-824B-5A12A567F8C7}.Release|Any CPU.Build.0 = Release|Any CPU
		{00BD2CB9-E497-400C-824B-5A12A567F8C7}.Release|x64.ActiveCfg = Release|Any CPU
		{00BD2CB9-E497-400C-824B-5A12A567F8C7}.Release|x64.Build.0 = Release|Any CPU
		{00BD2CB9-E497-400C-824B-5A12A567F8C7}.Release|x86.ActiveCfg = Release|Any CPU
		{00BD2CB9-E497-400C-824B-5A12A567F8C7}.Release|x86.Build.0 = Release|Any CPU
		{CDA33CD3-5AD6-486B-8AA3-7C7D16BFC2EF}.Debug|Any CPU.ActiveCfg = Debug|Any CPU
		{CDA33CD3-5AD6-486B-8AA3-7C7D16BFC2EF}.Debug|Any CPU.Build.0 = Debug|Any CPU
		{CDA33CD3-5AD6-486B-8AA3-7C7D16BFC2EF}.Debug|x64.ActiveCfg = Debug|Any CPU
		{CDA33CD3-5AD6-486B-8AA3-7C7D16BFC2EF}.Debug|x64.Build.0 = Debug|Any CPU
		{CDA33CD3-5AD6-486B-8AA3-7C7D16BFC2EF}.Debug|x86.ActiveCfg = Debug|Any CPU
		{CDA33CD3-5AD6-486B-8AA3-7C7D16BFC2EF}.Debug|x86.Build.0 = Debug|Any CPU
		{CDA33CD3-5AD6-486B-8AA3-7C7D16BFC2EF}.Release|Any CPU.ActiveCfg = Release|Any CPU
		{CDA33CD3-5AD6-486B-8AA3-7C7D16BFC2EF}.Release|Any CPU.Build.0 = Release|Any CPU
		{CDA33CD3-5AD6-486B-8AA3-7C7D16BFC2EF}.Release|x64.ActiveCfg = Release|Any CPU
		{CDA33CD3-5AD6-486B-8AA3-7C7D16BFC2EF}.Release|x64.Build.0 = Release|Any CPU
		{CDA33CD3-5AD6-486B-8AA3-7C7D16BFC2EF}.Release|x86.ActiveCfg = Release|Any CPU
		{CDA33CD3-5AD6-486B-8AA3-7C7D16BFC2EF}.Release|x86.Build.0 = Release|Any CPU
		{D7D2AC89-0AC4-4A62-934B-FA6D9BFF9FCC}.Debug|Any CPU.ActiveCfg = Debug|Any CPU
		{D7D2AC89-0AC4-4A62-934B-FA6D9BFF9FCC}.Debug|Any CPU.Build.0 = Debug|Any CPU
		{D7D2AC89-0AC4-4A62-934B-FA6D9BFF9FCC}.Debug|x64.ActiveCfg = Debug|Any CPU
		{D7D2AC89-0AC4-4A62-934B-FA6D9BFF9FCC}.Debug|x64.Build.0 = Debug|Any CPU
		{D7D2AC89-0AC4-4A62-934B-FA6D9BFF9FCC}.Debug|x86.ActiveCfg = Debug|Any CPU
		{D7D2AC89-0AC4-4A62-934B-FA6D9BFF9FCC}.Debug|x86.Build.0 = Debug|Any CPU
		{D7D2AC89-0AC4-4A62-934B-FA6D9BFF9FCC}.Release|Any CPU.ActiveCfg = Release|Any CPU
		{D7D2AC89-0AC4-4A62-934B-FA6D9BFF9FCC}.Release|Any CPU.Build.0 = Release|Any CPU
		{D7D2AC89-0AC4-4A62-934B-FA6D9BFF9FCC}.Release|x64.ActiveCfg = Release|Any CPU
		{D7D2AC89-0AC4-4A62-934B-FA6D9BFF9FCC}.Release|x64.Build.0 = Release|Any CPU
		{D7D2AC89-0AC4-4A62-934B-FA6D9BFF9FCC}.Release|x86.ActiveCfg = Release|Any CPU
		{D7D2AC89-0AC4-4A62-934B-FA6D9BFF9FCC}.Release|x86.Build.0 = Release|Any CPU
		{E4080932-7E03-42AC-B030-ABD368D231D1}.Debug|Any CPU.ActiveCfg = Debug|Any CPU
		{E4080932-7E03-42AC-B030-ABD368D231D1}.Debug|Any CPU.Build.0 = Debug|Any CPU
		{E4080932-7E03-42AC-B030-ABD368D231D1}.Debug|x64.ActiveCfg = Debug|Any CPU
		{E4080932-7E03-42AC-B030-ABD368D231D1}.Debug|x64.Build.0 = Debug|Any CPU
		{E4080932-7E03-42AC-B030-ABD368D231D1}.Debug|x86.ActiveCfg = Debug|Any CPU
		{E4080932-7E03-42AC-B030-ABD368D231D1}.Debug|x86.Build.0 = Debug|Any CPU
		{E4080932-7E03-42AC-B030-ABD368D231D1}.Release|Any CPU.ActiveCfg = Release|Any CPU
		{E4080932-7E03-42AC-B030-ABD368D231D1}.Release|Any CPU.Build.0 = Release|Any CPU
		{E4080932-7E03-42AC-B030-ABD368D231D1}.Release|x64.ActiveCfg = Release|Any CPU
		{E4080932-7E03-42AC-B030-ABD368D231D1}.Release|x64.Build.0 = Release|Any CPU
		{E4080932-7E03-42AC-B030-ABD368D231D1}.Release|x86.ActiveCfg = Release|Any CPU
		{E4080932-7E03-42AC-B030-ABD368D231D1}.Release|x86.Build.0 = Release|Any CPU
		{536E9F34-8992-4D56-8E5E-05F7BDED9A40}.Debug|Any CPU.ActiveCfg = Debug|Any CPU
		{536E9F34-8992-4D56-8E5E-05F7BDED9A40}.Debug|Any CPU.Build.0 = Debug|Any CPU
		{536E9F34-8992-4D56-8E5E-05F7BDED9A40}.Debug|x64.ActiveCfg = Debug|Any CPU
		{536E9F34-8992-4D56-8E5E-05F7BDED9A40}.Debug|x64.Build.0 = Debug|Any CPU
		{536E9F34-8992-4D56-8E5E-05F7BDED9A40}.Debug|x86.ActiveCfg = Debug|Any CPU
		{536E9F34-8992-4D56-8E5E-05F7BDED9A40}.Debug|x86.Build.0 = Debug|Any CPU
		{536E9F34-8992-4D56-8E5E-05F7BDED9A40}.Release|Any CPU.ActiveCfg = Release|Any CPU
		{536E9F34-8992-4D56-8E5E-05F7BDED9A40}.Release|Any CPU.Build.0 = Release|Any CPU
		{536E9F34-8992-4D56-8E5E-05F7BDED9A40}.Release|x64.ActiveCfg = Release|Any CPU
		{536E9F34-8992-4D56-8E5E-05F7BDED9A40}.Release|x64.Build.0 = Release|Any CPU
		{536E9F34-8992-4D56-8E5E-05F7BDED9A40}.Release|x86.ActiveCfg = Release|Any CPU
		{536E9F34-8992-4D56-8E5E-05F7BDED9A40}.Release|x86.Build.0 = Release|Any CPU
		{FAC1E431-F8BB-432D-B32E-E52B4FAF2602}.Debug|Any CPU.ActiveCfg = Debug|Any CPU
		{FAC1E431-F8BB-432D-B32E-E52B4FAF2602}.Debug|Any CPU.Build.0 = Debug|Any CPU
		{FAC1E431-F8BB-432D-B32E-E52B4FAF2602}.Debug|x64.ActiveCfg = Debug|Any CPU
		{FAC1E431-F8BB-432D-B32E-E52B4FAF2602}.Debug|x64.Build.0 = Debug|Any CPU
		{FAC1E431-F8BB-432D-B32E-E52B4FAF2602}.Debug|x86.ActiveCfg = Debug|Any CPU
		{FAC1E431-F8BB-432D-B32E-E52B4FAF2602}.Debug|x86.Build.0 = Debug|Any CPU
		{FAC1E431-F8BB-432D-B32E-E52B4FAF2602}.Release|Any CPU.ActiveCfg = Release|Any CPU
		{FAC1E431-F8BB-432D-B32E-E52B4FAF2602}.Release|Any CPU.Build.0 = Release|Any CPU
		{FAC1E431-F8BB-432D-B32E-E52B4FAF2602}.Release|x64.ActiveCfg = Release|Any CPU
		{FAC1E431-F8BB-432D-B32E-E52B4FAF2602}.Release|x64.Build.0 = Release|Any CPU
		{FAC1E431-F8BB-432D-B32E-E52B4FAF2602}.Release|x86.ActiveCfg = Release|Any CPU
		{FAC1E431-F8BB-432D-B32E-E52B4FAF2602}.Release|x86.Build.0 = Release|Any CPU
		{69F91002-ABFE-4DAD-9AB4-2A291B2A6790}.Debug|Any CPU.ActiveCfg = Debug|Any CPU
		{69F91002-ABFE-4DAD-9AB4-2A291B2A6790}.Debug|Any CPU.Build.0 = Debug|Any CPU
		{69F91002-ABFE-4DAD-9AB4-2A291B2A6790}.Debug|x64.ActiveCfg = Debug|Any CPU
		{69F91002-ABFE-4DAD-9AB4-2A291B2A6790}.Debug|x64.Build.0 = Debug|Any CPU
		{69F91002-ABFE-4DAD-9AB4-2A291B2A6790}.Debug|x86.ActiveCfg = Debug|Any CPU
		{69F91002-ABFE-4DAD-9AB4-2A291B2A6790}.Debug|x86.Build.0 = Debug|Any CPU
		{69F91002-ABFE-4DAD-9AB4-2A291B2A6790}.Release|Any CPU.ActiveCfg = Release|Any CPU
		{69F91002-ABFE-4DAD-9AB4-2A291B2A6790}.Release|Any CPU.Build.0 = Release|Any CPU
		{69F91002-ABFE-4DAD-9AB4-2A291B2A6790}.Release|x64.ActiveCfg = Release|Any CPU
		{69F91002-ABFE-4DAD-9AB4-2A291B2A6790}.Release|x64.Build.0 = Release|Any CPU
		{69F91002-ABFE-4DAD-9AB4-2A291B2A6790}.Release|x86.ActiveCfg = Release|Any CPU
		{69F91002-ABFE-4DAD-9AB4-2A291B2A6790}.Release|x86.Build.0 = Release|Any CPU
		{614959DC-A607-404C-A09A-1C2A54015659}.Debug|Any CPU.ActiveCfg = Debug|Any CPU
		{614959DC-A607-404C-A09A-1C2A54015659}.Debug|Any CPU.Build.0 = Debug|Any CPU
		{614959DC-A607-404C-A09A-1C2A54015659}.Debug|x64.ActiveCfg = Debug|Any CPU
		{614959DC-A607-404C-A09A-1C2A54015659}.Debug|x64.Build.0 = Debug|Any CPU
		{614959DC-A607-404C-A09A-1C2A54015659}.Debug|x86.ActiveCfg = Debug|Any CPU
		{614959DC-A607-404C-A09A-1C2A54015659}.Debug|x86.Build.0 = Debug|Any CPU
		{614959DC-A607-404C-A09A-1C2A54015659}.Release|Any CPU.ActiveCfg = Release|Any CPU
		{614959DC-A607-404C-A09A-1C2A54015659}.Release|Any CPU.Build.0 = Release|Any CPU
		{614959DC-A607-404C-A09A-1C2A54015659}.Release|x64.ActiveCfg = Release|Any CPU
		{614959DC-A607-404C-A09A-1C2A54015659}.Release|x64.Build.0 = Release|Any CPU
		{614959DC-A607-404C-A09A-1C2A54015659}.Release|x86.ActiveCfg = Release|Any CPU
		{614959DC-A607-404C-A09A-1C2A54015659}.Release|x86.Build.0 = Release|Any CPU
		{3FC6357F-7D62-4C02-8969-52ECF0A7916F}.Debug|Any CPU.ActiveCfg = Debug|Any CPU
		{3FC6357F-7D62-4C02-8969-52ECF0A7916F}.Debug|Any CPU.Build.0 = Debug|Any CPU
		{3FC6357F-7D62-4C02-8969-52ECF0A7916F}.Debug|x64.ActiveCfg = Debug|Any CPU
		{3FC6357F-7D62-4C02-8969-52ECF0A7916F}.Debug|x64.Build.0 = Debug|Any CPU
		{3FC6357F-7D62-4C02-8969-52ECF0A7916F}.Debug|x86.ActiveCfg = Debug|Any CPU
		{3FC6357F-7D62-4C02-8969-52ECF0A7916F}.Debug|x86.Build.0 = Debug|Any CPU
		{3FC6357F-7D62-4C02-8969-52ECF0A7916F}.Release|Any CPU.ActiveCfg = Release|Any CPU
		{3FC6357F-7D62-4C02-8969-52ECF0A7916F}.Release|Any CPU.Build.0 = Release|Any CPU
		{3FC6357F-7D62-4C02-8969-52ECF0A7916F}.Release|x64.ActiveCfg = Release|Any CPU
		{3FC6357F-7D62-4C02-8969-52ECF0A7916F}.Release|x64.Build.0 = Release|Any CPU
		{3FC6357F-7D62-4C02-8969-52ECF0A7916F}.Release|x86.ActiveCfg = Release|Any CPU
		{3FC6357F-7D62-4C02-8969-52ECF0A7916F}.Release|x86.Build.0 = Release|Any CPU
		{65BC23F9-D824-4B4D-B8D4-5F44D8DDC22E}.Debug|Any CPU.ActiveCfg = Debug|Any CPU
		{65BC23F9-D824-4B4D-B8D4-5F44D8DDC22E}.Debug|Any CPU.Build.0 = Debug|Any CPU
		{65BC23F9-D824-4B4D-B8D4-5F44D8DDC22E}.Debug|x64.ActiveCfg = Debug|Any CPU
		{65BC23F9-D824-4B4D-B8D4-5F44D8DDC22E}.Debug|x64.Build.0 = Debug|Any CPU
		{65BC23F9-D824-4B4D-B8D4-5F44D8DDC22E}.Debug|x86.ActiveCfg = Debug|Any CPU
		{65BC23F9-D824-4B4D-B8D4-5F44D8DDC22E}.Debug|x86.Build.0 = Debug|Any CPU
		{65BC23F9-D824-4B4D-B8D4-5F44D8DDC22E}.Release|Any CPU.ActiveCfg = Release|Any CPU
		{65BC23F9-D824-4B4D-B8D4-5F44D8DDC22E}.Release|Any CPU.Build.0 = Release|Any CPU
		{65BC23F9-D824-4B4D-B8D4-5F44D8DDC22E}.Release|x64.ActiveCfg = Release|Any CPU
		{65BC23F9-D824-4B4D-B8D4-5F44D8DDC22E}.Release|x64.Build.0 = Release|Any CPU
		{65BC23F9-D824-4B4D-B8D4-5F44D8DDC22E}.Release|x86.ActiveCfg = Release|Any CPU
		{65BC23F9-D824-4B4D-B8D4-5F44D8DDC22E}.Release|x86.Build.0 = Release|Any CPU
		{C4E86DC4-7274-495B-8F6A-5CB7ED1EA2A7}.Debug|Any CPU.ActiveCfg = Debug|Any CPU
		{C4E86DC4-7274-495B-8F6A-5CB7ED1EA2A7}.Debug|Any CPU.Build.0 = Debug|Any CPU
		{C4E86DC4-7274-495B-8F6A-5CB7ED1EA2A7}.Debug|x64.ActiveCfg = Debug|Any CPU
		{C4E86DC4-7274-495B-8F6A-5CB7ED1EA2A7}.Debug|x64.Build.0 = Debug|Any CPU
		{C4E86DC4-7274-495B-8F6A-5CB7ED1EA2A7}.Debug|x86.ActiveCfg = Debug|Any CPU
		{C4E86DC4-7274-495B-8F6A-5CB7ED1EA2A7}.Debug|x86.Build.0 = Debug|Any CPU
		{C4E86DC4-7274-495B-8F6A-5CB7ED1EA2A7}.Release|Any CPU.ActiveCfg = Release|Any CPU
		{C4E86DC4-7274-495B-8F6A-5CB7ED1EA2A7}.Release|Any CPU.Build.0 = Release|Any CPU
		{C4E86DC4-7274-495B-8F6A-5CB7ED1EA2A7}.Release|x64.ActiveCfg = Release|Any CPU
		{C4E86DC4-7274-495B-8F6A-5CB7ED1EA2A7}.Release|x64.Build.0 = Release|Any CPU
		{C4E86DC4-7274-495B-8F6A-5CB7ED1EA2A7}.Release|x86.ActiveCfg = Release|Any CPU
		{C4E86DC4-7274-495B-8F6A-5CB7ED1EA2A7}.Release|x86.Build.0 = Release|Any CPU
	EndGlobalSection
EndGlobal
